# This file is generated by running "yarn install" inside your project.
# Manual changes might be lost - proceed with caution!

__metadata:
  version: 4
  cacheKey: 7

"@types/node@npm:^14.14.21":
  version: 14.14.21
  resolution: "@types/node@npm:14.14.21"
  checksum: b659823ffa01684ff2cb4edf0b70ea76d7eae6cd86af43de62ae6b460c174161850fb75a1be50ab60c4519c14babd4ec430ddbbe6689e341073ba10ff106311c
  languageName: node
  linkType: hard

"esoto@workspace:.":
  version: 0.0.0-use.local
  resolution: "esoto@workspace:."
  dependencies:
    "@types/node": ^14.14.21
    ts-lib: ^0.0.5
    typescript: ^4.1.3
  languageName: unknown
  linkType: soft

"ts-lib@npm:^0.0.5":
  version: 0.0.5
  resolution: "ts-lib@npm:0.0.5"
  checksum: d8d28b1734c163424373ab258295810a1b58de12b1b665ceee3c6821d7574135fc6e7032ac6db90c3ea947175635ef7863e52bc5bd7a329a00fe6c4b63ad576c
  languageName: node
  linkType: hard

typescript@^4.1.3:
  version: 4.1.3
  resolution: "typescript@npm:4.1.3"
  bin:
    tsc: bin/tsc
    tsserver: bin/tsserver
  checksum: 4f7ab1506ea22c7a1c313ec5b4285e93ce08d709ad6086d02d3096adb399ca339972ee56d1e578213c51dd0fb7b0fad50283c2d3c39642405644458ae29774f8
  languageName: node
  linkType: hard

"typescript@patch:typescript@^4.1.3#builtin<compat/typescript>":
  version: 4.1.3
  resolution: "typescript@patch:typescript@npm%3A4.1.3#builtin<compat/typescript>::version=4.1.3&hash=cc6730"
  bin:
    tsc: bin/tsc
    tsserver: bin/tsserver
  checksum: 017af992148346e671d5b83b041773825888e9c94db8d2b9472cdbb6d6f0ee85927817473121524d319f8be6ffe5a6904d27ff6ef21356d2274fcadd52e17938
  languageName: node
  linkType: hard
